{
  "originHash" : "ee3edf58564762354e08c5850eeda7026a785f493657bbfcafe50c6847d69dfa",
  "pins" : [
    {
      "identity" : "fsrs",
      "kind" : "remoteSourceControl",
      "location" : "https://codeberg.org/belavista/fsrs",
      "state" : {
        "branch" : "main",
        "revision" : "8ccad0b5a7fbe6429f15debba66f553acbd7ae32"
      }
    }
  ],
  "version" : 3
}
